
Microsoft Visual Studio Solution File, Format Version 12.00
# Visual Studio Version 17
VisualStudioVersion = 17.1.32319.34
MinimumVisualStudioVersion = 10.0.40219.1
Project("{9A19103F-16F7-4668-BE54-9A1E7A4F7556}") = "Kros.AspNetCore", "src\Kros.AspNetCore\Kros.AspNetCore.csproj", "{CDD11526-0DFB-4E68-ADD7-B72EBD08DFE7}"
EndProject
Project("{2150E333-8FDC-42A3-9474-1A3956D46DE8}") = "src", "src", "{BECA5997-5362-4C3D-AEF9-C2C6E40CB616}"
EndProject
Project("{2150E333-8FDC-42A3-9474-1A3956D46DE8}") = "tests", "tests", "{F2FE0B51-B10D-491C-AC69-1C9D08D4514E}"
EndProject
Project("{9A19103F-16F7-4668-BE54-9A1E7A4F7556}") = "Kros.MediatR.Extensions", "src\Kros.MediatR.Extensions\Kros.MediatR.Extensions.csproj", "{D5FD0C86-7301-4A17-B923-86F532C84798}"
EndProject
Project("{9A19103F-16F7-4668-BE54-9A1E7A4F7556}") = "Kros.AspNetCore.Tests", "tests\Kros.AspNetCore.Tests\Kros.AspNetCore.Tests.csproj", "{7D3EF3F7-5A32-47E2-8688-65FE68CB24B5}"
EndProject
Project("{9A19103F-16F7-4668-BE54-9A1E7A4F7556}") = "Kros.MediatR.Extensions.Tests", "tests\Kros.MediatR.Extensions.Tests\Kros.MediatR.Extensions.Tests.csproj", "{808D81B7-477D-4576-83AA-A405C63ABCA5}"
EndProject
Project("{9A19103F-16F7-4668-BE54-9A1E7A4F7556}") = "Kros.ApplicationInsights.Extensions", "src\Kros.ApplicationInsights.Extensions\Kros.ApplicationInsights.Extensions.csproj", "{879989F6-7103-4F06-A865-E862EBC31468}"
EndProject
Project("{9A19103F-16F7-4668-BE54-9A1E7A4F7556}") = "Kros.Swagger.Extensions", "src\Kros.Swagger.Extensions\Kros.Swagger.Extensions.csproj", "{BC8159E1-64B5-404E-917F-F17330AC6624}"
EndProject
Project("{9A19103F-16F7-4668-BE54-9A1E7A4F7556}") = "Kros.MassTransit.AzureServiceBus", "src\Kros.MassTransit.AzureServiceBus\Kros.MassTransit.AzureServiceBus.csproj", "{624CDE2A-410F-4EE3-BB0E-71B2F3D42AF2}"
EndProject
Project("{2150E333-8FDC-42A3-9474-1A3956D46DE8}") = "Solution Items", "Solution Items", "{821CE0B1-32F3-42A6-9169-B7EDAFA86FB2}"
	ProjectSection(SolutionItems) = preProject
		.editorconfig = .editorconfig
		build-ci.yml = build-ci.yml
		build.yml = build.yml
		Directory.Build.props = Directory.Build.props
		Directory.Packages.props = Directory.Packages.props
	EndProjectSection
EndProject
Project("{9A19103F-16F7-4668-BE54-9A1E7A4F7556}") = "Kros.ApplicationInsights.Extensions.Tests", "tests\Kros.ApplicationInsights.Extensions.Tests\Kros.ApplicationInsights.Extensions.Tests.csproj", "{3D90E8DD-C871-4B50-B610-B854E65807F1}"
EndProject
Project("{9A19103F-16F7-4668-BE54-9A1E7A4F7556}") = "Kros.MassTransit.Analyzers", "src\Kros.MassTransit.Analyzers\Kros.MassTransit.Analyzers.csproj", "{F437F912-2798-4EFA-89F2-B373453591A4}"
EndProject
Project("{9A19103F-16F7-4668-BE54-9A1E7A4F7556}") = "Kros.ProblemDetails.Extensions", "src\Kros.ProblemDetails.Extensions\Kros.ProblemDetails.Extensions.csproj", "{3D8B3ED1-9910-4A76-9C93-CC8B1D45EBEF}"
EndProject
Global
	GlobalSection(SolutionConfigurationPlatforms) = preSolution
		Debug|Any CPU = Debug|Any CPU
		Release|Any CPU = Release|Any CPU
	EndGlobalSection
	GlobalSection(ProjectConfigurationPlatforms) = postSolution
		{CDD11526-0DFB-4E68-ADD7-B72EBD08DFE7}.Debug|Any CPU.ActiveCfg = Debug|Any CPU
		{CDD11526-0DFB-4E68-ADD7-B72EBD08DFE7}.Debug|Any CPU.Build.0 = Debug|Any CPU
		{CDD11526-0DFB-4E68-ADD7-B72EBD08DFE7}.Release|Any CPU.ActiveCfg = Release|Any CPU
		{CDD11526-0DFB-4E68-ADD7-B72EBD08DFE7}.Release|Any CPU.Build.0 = Release|Any CPU
		{D5FD0C86-7301-4A17-B923-86F532C84798}.Debug|Any CPU.ActiveCfg = Debug|Any CPU
		{D5FD0C86-7301-4A17-B923-86F532C84798}.Debug|Any CPU.Build.0 = Debug|Any CPU
		{D5FD0C86-7301-4A17-B923-86F532C84798}.Release|Any CPU.ActiveCfg = Release|Any CPU
		{D5FD0C86-7301-4A17-B923-86F532C84798}.Release|Any CPU.Build.0 = Release|Any CPU
		{7D3EF3F7-5A32-47E2-8688-65FE68CB24B5}.Debug|Any CPU.ActiveCfg = Debug|Any CPU
		{7D3EF3F7-5A32-47E2-8688-65FE68CB24B5}.Debug|Any CPU.Build.0 = Debug|Any CPU
		{7D3EF3F7-5A32-47E2-8688-65FE68CB24B5}.Release|Any CPU.ActiveCfg = Release|Any CPU
		{7D3EF3F7-5A32-47E2-8688-65FE68CB24B5}.Release|Any CPU.Build.0 = Release|Any CPU
		{808D81B7-477D-4576-83AA-A405C63ABCA5}.Debug|Any CPU.ActiveCfg = Debug|Any CPU
		{808D81B7-477D-4576-83AA-A405C63ABCA5}.Debug|Any CPU.Build.0 = Debug|Any CPU
		{808D81B7-477D-4576-83AA-A405C63ABCA5}.Release|Any CPU.ActiveCfg = Release|Any CPU
		{808D81B7-477D-4576-83AA-A405C63ABCA5}.Release|Any CPU.Build.0 = Release|Any CPU
		{879989F6-7103-4F06-A865-E862EBC31468}.Debug|Any CPU.ActiveCfg = Debug|Any CPU
		{879989F6-7103-4F06-A865-E862EBC31468}.Debug|Any CPU.Build.0 = Debug|Any CPU
		{879989F6-7103-4F06-A865-E862EBC31468}.Release|Any CPU.ActiveCfg = Release|Any CPU
		{879989F6-7103-4F06-A865-E862EBC31468}.Release|Any CPU.Build.0 = Release|Any CPU
		{BC8159E1-64B5-404E-917F-F17330AC6624}.Debug|Any CPU.ActiveCfg = Debug|Any CPU
		{BC8159E1-64B5-404E-917F-F17330AC6624}.Debug|Any CPU.Build.0 = Debug|Any CPU
		{BC8159E1-64B5-404E-917F-F17330AC6624}.Release|Any CPU.ActiveCfg = Release|Any CPU
		{BC8159E1-64B5-404E-917F-F17330AC6624}.Release|Any CPU.Build.0 = Release|Any CPU
		{624CDE2A-410F-4EE3-BB0E-71B2F3D42AF2}.Debug|Any CPU.ActiveCfg = Debug|Any CPU
		{624CDE2A-410F-4EE3-BB0E-71B2F3D42AF2}.Debug|Any CPU.Build.0 = Debug|Any CPU
		{624CDE2A-410F-4EE3-BB0E-71B2F3D42AF2}.Release|Any CPU.ActiveCfg = Release|Any CPU
		{624CDE2A-410F-4EE3-BB0E-71B2F3D42AF2}.Release|Any CPU.Build.0 = Release|Any CPU
		{3D90E8DD-C871-4B50-B610-B854E65807F1}.Debug|Any CPU.ActiveCfg = Debug|Any CPU
		{3D90E8DD-C871-4B50-B610-B854E65807F1}.Debug|Any CPU.Build.0 = Debug|Any CPU
		{3D90E8DD-C871-4B50-B610-B854E65807F1}.Release|Any CPU.ActiveCfg = Release|Any CPU
		{3D90E8DD-C871-4B50-B610-B854E65807F1}.Release|Any CPU.Build.0 = Release|Any CPU
		{F437F912-2798-4EFA-89F2-B373453591A4}.Debug|Any CPU.ActiveCfg = Debug|Any CPU
		{F437F912-2798-4EFA-89F2-B373453591A4}.Debug|Any CPU.Build.0 = Debug|Any CPU
		{F437F912-2798-4EFA-89F2-B373453591A4}.Release|Any CPU.ActiveCfg = Release|Any CPU
		{F437F912-2798-4EFA-89F2-B373453591A4}.Release|Any CPU.Build.0 = Release|Any CPU
		{3D8B3ED1-9910-4A76-9C93-CC8B1D45EBEF}.Debug|Any CPU.ActiveCfg = Debug|Any CPU
		{3D8B3ED1-9910-4A76-9C93-CC8B1D45EBEF}.Debug|Any CPU.Build.0 = Debug|Any CPU
		{3D8B3ED1-9910-4A76-9C93-CC8B1D45EBEF}.Release|Any CPU.ActiveCfg = Release|Any CPU
		{3D8B3ED1-9910-4A76-9C93-CC8B1D45EBEF}.Release|Any CPU.Build.0 = Release|Any CPU
	EndGlobalSection
	GlobalSection(SolutionProperties) = preSolution
		HideSolutionNode = FALSE
	EndGlobalSection
	GlobalSection(NestedProjects) = preSolution
		{CDD11526-0DFB-4E68-ADD7-B72EBD08DFE7} = {BECA5997-5362-4C3D-AEF9-C2C6E40CB616}
		{D5FD0C86-7301-4A17-B923-86F532C84798} = {BECA5997-5362-4C3D-AEF9-C2C6E40CB616}
		{7D3EF3F7-5A32-47E2-8688-65FE68CB24B5} = {F2FE0B51-B10D-491C-AC69-1C9D08D4514E}
		{808D81B7-477D-4576-83AA-A405C63ABCA5} = {F2FE0B51-B10D-491C-AC69-1C9D08D4514E}
		{879989F6-7103-4F06-A865-E862EBC31468} = {BECA5997-5362-4C3D-AEF9-C2C6E40CB616}
		{BC8159E1-64B5-404E-917F-F17330AC6624} = {BECA5997-5362-4C3D-AEF9-C2C6E40CB616}
		{624CDE2A-410F-4EE3-BB0E-71B2F3D42AF2} = {BECA5997-5362-4C3D-AEF9-C2C6E40CB616}
		{3D90E8DD-C871-4B50-B610-B854E65807F1} = {F2FE0B51-B10D-491C-AC69-1C9D08D4514E}
		{F437F912-2798-4EFA-89F2-B373453591A4} = {BECA5997-5362-4C3D-AEF9-C2C6E40CB616}
		{3D8B3ED1-9910-4A76-9C93-CC8B1D45EBEF} = {BECA5997-5362-4C3D-AEF9-C2C6E40CB616}
	EndGlobalSection
	GlobalSection(ExtensibilityGlobals) = postSolution
		SolutionGuid = {BF06D895-E4AC-4374-95F5-89F47567F9F6}
	EndGlobalSection
EndGlobal
