
Microsoft Visual Studio Solution File, Format Version 12.00
# Visual Studio Version 16
VisualStudioVersion = 16.0.28803.156
MinimumVisualStudioVersion = 10.0.40219.1
Project("{9A19103F-16F7-4668-BE54-9A1E7A4F7556}") = "Kros.AspNetCore", "src\Kros.AspNetCore\Kros.AspNetCore.csproj", "{CDD11526-0DFB-4E68-ADD7-B72EBD08DFE7}"
EndProject
Project("{2150E333-8FDC-42A3-9474-1A3956D46DE8}") = "src", "src", "{BECA5997-5362-4C3D-AEF9-C2C6E40CB616}"
EndProject
Project("{2150E333-8FDC-42A3-9474-1A3956D46DE8}") = "tests", "tests", "{F2FE0B51-B10D-491C-AC69-1C9D08D4514E}"
EndProject
Project("{9A19103F-16F7-4668-BE54-9A1E7A4F7556}") = "Kros.MediatR.Extensions", "src\Kros.MediatR.Extensions\Kros.MediatR.Extensions.csproj", "{D5FD0C86-7301-4A17-B923-86F532C84798}"
EndProject
Project("{9A19103F-16F7-4668-BE54-9A1E7A4F7556}") = "Kros.AspNetCore.Tests", "tests\Kros.AspNetCore.Tests\Kros.AspNetCore.Tests.csproj", "{7D3EF3F7-5A32-47E2-8688-65FE68CB24B5}"
EndProject
Project("{9A19103F-16F7-4668-BE54-9A1E7A4F7556}") = "Kros.MediatR.Extensions.Tests", "tests\Kros.MediatR.Extensions.Tests\Kros.MediatR.Extensions.Tests.csproj", "{808D81B7-477D-4576-83AA-A405C63ABCA5}"
EndProject
Global
	GlobalSection(SolutionConfigurationPlatforms) = preSolution
		Debug|Any CPU = Debug|Any CPU
		Release|Any CPU = Release|Any CPU
	EndGlobalSection
	GlobalSection(ProjectConfigurationPlatforms) = postSolution
		{CDD11526-0DFB-4E68-ADD7-B72EBD08DFE7}.Debug|Any CPU.ActiveCfg = Debug|Any CPU
		{CDD11526-0DFB-4E68-ADD7-B72EBD08DFE7}.Debug|Any CPU.Build.0 = Debug|Any CPU
		{CDD11526-0DFB-4E68-ADD7-B72EBD08DFE7}.Release|Any CPU.ActiveCfg = Release|Any CPU
		{CDD11526-0DFB-4E68-ADD7-B72EBD08DFE7}.Release|Any CPU.Build.0 = Release|Any CPU
		{D5FD0C86-7301-4A17-B923-86F532C84798}.Debug|Any CPU.ActiveCfg = Debug|Any CPU
		{D5FD0C86-7301-4A17-B923-86F532C84798}.Debug|Any CPU.Build.0 = Debug|Any CPU
		{D5FD0C86-7301-4A17-B923-86F532C84798}.Release|Any CPU.ActiveCfg = Release|Any CPU
		{D5FD0C86-7301-4A17-B923-86F532C84798}.Release|Any CPU.Build.0 = Release|Any CPU
		{7D3EF3F7-5A32-47E2-8688-65FE68CB24B5}.Debug|Any CPU.ActiveCfg = Debug|Any CPU
		{7D3EF3F7-5A32-47E2-8688-65FE68CB24B5}.Debug|Any CPU.Build.0 = Debug|Any CPU
		{7D3EF3F7-5A32-47E2-8688-65FE68CB24B5}.Release|Any CPU.ActiveCfg = Release|Any CPU
		{7D3EF3F7-5A32-47E2-8688-65FE68CB24B5}.Release|Any CPU.Build.0 = Release|Any CPU
		{808D81B7-477D-4576-83AA-A405C63ABCA5}.Debug|Any CPU.ActiveCfg = Debug|Any CPU
		{808D81B7-477D-4576-83AA-A405C63ABCA5}.Debug|Any CPU.Build.0 = Debug|Any CPU
		{808D81B7-477D-4576-83AA-A405C63ABCA5}.Release|Any CPU.ActiveCfg = Release|Any CPU
		{808D81B7-477D-4576-83AA-A405C63ABCA5}.Release|Any CPU.Build.0 = Release|Any CPU
	EndGlobalSection
	GlobalSection(SolutionProperties) = preSolution
		HideSolutionNode = FALSE
	EndGlobalSection
	GlobalSection(NestedProjects) = preSolution
		{CDD11526-0DFB-4E68-ADD7-B72EBD08DFE7} = {BECA5997-5362-4C3D-AEF9-C2C6E40CB616}
		{D5FD0C86-7301-4A17-B923-86F532C84798} = {BECA5997-5362-4C3D-AEF9-C2C6E40CB616}
		{7D3EF3F7-5A32-47E2-8688-65FE68CB24B5} = {F2FE0B51-B10D-491C-AC69-1C9D08D4514E}
		{808D81B7-477D-4576-83AA-A405C63ABCA5} = {F2FE0B51-B10D-491C-AC69-1C9D08D4514E}
	EndGlobalSection
	GlobalSection(ExtensibilityGlobals) = postSolution
		SolutionGuid = {BF06D895-E4AC-4374-95F5-89F47567F9F6}
	EndGlobalSection
EndGlobal
